{
  "nodes": {
    "nixpkgs": {
      "locked": {
        "lastModified": 1790689126,
        "narHash": "sha256-VyUI5WA3WdOB9kjb04A0pxE6XTWC6cG95ZkoPSv58F0=",
        "rev": "b4fd65b198c599cbe814fcb9f42d25d021595ec9",
        "type": "tarball",
        "url": "https://releases.nixos.org/nixos/unstable/nixos-26.11pre1082427.b4fd65b198c5/nixexprs.tar.zst"
      },
      "original": {
        "type": "tarball",
        "url": "https://channels.nixos.org/nixos-unstable/nixexprs.tar.zst"
      }
    },
    "root": {
      "inputs": {
        "nixpkgs": "nixpkgs"
      }
    }
  },
  "root": "root",
  "version": 7
}
